
Microsoft Visual Studio Solution File, Format Version 12.00
# Visual Studio 15
VisualStudioVersion = 15.0.27130.2026
MinimumVisualStudioVersion = 10.0.40219.1
Project("{9A19103F-16F7-4668-BE54-9A1E7A4F7556}") = "AuthServer", "AuthServer\AuthServer.csproj", "{B64138FD-D4AA-4D8A-822D-4D54CA316CDD}"
EndProject
Project("{9A19103F-16F7-4668-BE54-9A1E7A4F7556}") = "DataAccess", "DataAccess\DataAccess.csproj", "{1FD54942-4513-44F5-AF08-FE4E92DAEA2E}"
EndProject
Project("{9A19103F-16F7-4668-BE54-9A1E7A4F7556}") = "DataAccess.Data", "DataAccess.Data\DataAccess.Data.csproj", "{F37983BF-491D-413F-BA19-E9B42E6BF7AD}"
EndProject
Project("{9A19103F-16F7-4668-BE54-9A1E7A4F7556}") = "Entities", "Entities\Entities.csproj", "{B857DDD8-DB90-4C55-9B77-0D3A19FF6298}"
EndProject
Project("{9A19103F-16F7-4668-BE54-9A1E7A4F7556}") = "BusinessAccess", "BusinessAccess\BusinessAccess.csproj", "{4AB5FB00-E8DF-4227-8E73-006477E50E4F}"
EndProject
Project("{9A19103F-16F7-4668-BE54-9A1E7A4F7556}") = "Common", "Common\Common.csproj", "{C824C0AD-BF72-4D5A-AB40-7B6067982246}"
EndProject
Project("{9A19103F-16F7-4668-BE54-9A1E7A4F7556}") = "MultiTenancy", "MultiTenancy\MultiTenancy.csproj", "{AFF6D223-26EE-44DB-AEDC-C9E2A48CE839}"
EndProject
Project("{9A19103F-16F7-4668-BE54-9A1E7A4F7556}") = "Localization", "Localization\Localization.csproj", "{2E682D79-11E3-4F47-BF30-DD7992FC9AC6}"
EndProject
Project("{FAE04EC0-301F-11D3-BF4B-00C04F79EFBC}") = "WebApp", "WebApp\WebApp.csproj", "{38DDA7F0-BD81-46A5-AF8F-4D60B9A63609}"
EndProject
Global
	GlobalSection(SolutionConfigurationPlatforms) = preSolution
		Debug|Any CPU = Debug|Any CPU
		Release|Any CPU = Release|Any CPU
	EndGlobalSection
	GlobalSection(ProjectConfigurationPlatforms) = postSolution
		{B64138FD-D4AA-4D8A-822D-4D54CA316CDD}.Debug|Any CPU.ActiveCfg = Debug|Any CPU
		{B64138FD-D4AA-4D8A-822D-4D54CA316CDD}.Debug|Any CPU.Build.0 = Debug|Any CPU
		{B64138FD-D4AA-4D8A-822D-4D54CA316CDD}.Release|Any CPU.ActiveCfg = Release|Any CPU
		{B64138FD-D4AA-4D8A-822D-4D54CA316CDD}.Release|Any CPU.Build.0 = Release|Any CPU
		{1FD54942-4513-44F5-AF08-FE4E92DAEA2E}.Debug|Any CPU.ActiveCfg = Debug|Any CPU
		{1FD54942-4513-44F5-AF08-FE4E92DAEA2E}.Debug|Any CPU.Build.0 = Debug|Any CPU
		{1FD54942-4513-44F5-AF08-FE4E92DAEA2E}.Release|Any CPU.ActiveCfg = Release|Any CPU
		{1FD54942-4513-44F5-AF08-FE4E92DAEA2E}.Release|Any CPU.Build.0 = Release|Any CPU
		{F37983BF-491D-413F-BA19-E9B42E6BF7AD}.Debug|Any CPU.ActiveCfg = Debug|Any CPU
		{F37983BF-491D-413F-BA19-E9B42E6BF7AD}.Debug|Any CPU.Build.0 = Debug|Any CPU
		{F37983BF-491D-413F-BA19-E9B42E6BF7AD}.Release|Any CPU.ActiveCfg = Release|Any CPU
		{F37983BF-491D-413F-BA19-E9B42E6BF7AD}.Release|Any CPU.Build.0 = Release|Any CPU
		{B857DDD8-DB90-4C55-9B77-0D3A19FF6298}.Debug|Any CPU.ActiveCfg = Debug|Any CPU
		{B857DDD8-DB90-4C55-9B77-0D3A19FF6298}.Debug|Any CPU.Build.0 = Debug|Any CPU
		{B857DDD8-DB90-4C55-9B77-0D3A19FF6298}.Release|Any CPU.ActiveCfg = Release|Any CPU
		{B857DDD8-DB90-4C55-9B77-0D3A19FF6298}.Release|Any CPU.Build.0 = Release|Any CPU
		{4AB5FB00-E8DF-4227-8E73-006477E50E4F}.Debug|Any CPU.ActiveCfg = Debug|Any CPU
		{4AB5FB00-E8DF-4227-8E73-006477E50E4F}.Debug|Any CPU.Build.0 = Debug|Any CPU
		{4AB5FB00-E8DF-4227-8E73-006477E50E4F}.Release|Any CPU.ActiveCfg = Release|Any CPU
		{4AB5FB00-E8DF-4227-8E73-006477E50E4F}.Release|Any CPU.Build.0 = Release|Any CPU
		{C824C0AD-BF72-4D5A-AB40-7B6067982246}.Debug|Any CPU.ActiveCfg = Debug|Any CPU
		{C824C0AD-BF72-4D5A-AB40-7B6067982246}.Debug|Any CPU.Build.0 = Debug|Any CPU
		{C824C0AD-BF72-4D5A-AB40-7B6067982246}.Release|Any CPU.ActiveCfg = Release|Any CPU
		{C824C0AD-BF72-4D5A-AB40-7B6067982246}.Release|Any CPU.Build.0 = Release|Any CPU
		{AFF6D223-26EE-44DB-AEDC-C9E2A48CE839}.Debug|Any CPU.ActiveCfg = Debug|Any CPU
		{AFF6D223-26EE-44DB-AEDC-C9E2A48CE839}.Debug|Any CPU.Build.0 = Debug|Any CPU
		{AFF6D223-26EE-44DB-AEDC-C9E2A48CE839}.Release|Any CPU.ActiveCfg = Release|Any CPU
		{AFF6D223-26EE-44DB-AEDC-C9E2A48CE839}.Release|Any CPU.Build.0 = Release|Any CPU
		{2E682D79-11E3-4F47-BF30-DD7992FC9AC6}.Debug|Any CPU.ActiveCfg = Debug|Any CPU
		{2E682D79-11E3-4F47-BF30-DD7992FC9AC6}.Debug|Any CPU.Build.0 = Debug|Any CPU
		{2E682D79-11E3-4F47-BF30-DD7992FC9AC6}.Release|Any CPU.ActiveCfg = Release|Any CPU
		{2E682D79-11E3-4F47-BF30-DD7992FC9AC6}.Release|Any CPU.Build.0 = Release|Any CPU
		{38DDA7F0-BD81-46A5-AF8F-4D60B9A63609}.Debug|Any CPU.ActiveCfg = Debug|Any CPU
		{38DDA7F0-BD81-46A5-AF8F-4D60B9A63609}.Debug|Any CPU.Build.0 = Debug|Any CPU
		{38DDA7F0-BD81-46A5-AF8F-4D60B9A63609}.Release|Any CPU.ActiveCfg = Release|Any CPU
		{38DDA7F0-BD81-46A5-AF8F-4D60B9A63609}.Release|Any CPU.Build.0 = Release|Any CPU
	EndGlobalSection
	GlobalSection(SolutionProperties) = preSolution
		HideSolutionNode = FALSE
	EndGlobalSection
	GlobalSection(ExtensibilityGlobals) = postSolution
		SolutionGuid = {2BA39B07-13E3-4ACD-8B74-942C092F7050}
	EndGlobalSection
EndGlobal
